
Microsoft Visual Studio Solution File, Format Version 12.00
# Visual Studio 15
VisualStudioVersion = 15.0.27703.2026
MinimumVisualStudioVersion = 10.0.40219.1
Project("{FAE04EC0-301F-11D3-BF4B-00C04F79EFBC}") = "CustomSNavigation.Android", "CustomSNavigation\CustomSNavigation.Android\CustomSNavigation.Android.csproj", "{0D19562C-E133-4EFD-882D-C38488D9C4D7}"
EndProject
Project("{FAE04EC0-301F-11D3-BF4B-00C04F79EFBC}") = "CustomSNavigation.iOS", "CustomSNavigation\CustomSNavigation.iOS\CustomSNavigation.iOS.csproj", "{63F0B152-F076-457C-828E-A54C69381C36}"
EndProject
Project("{FAE04EC0-301F-11D3-BF4B-00C04F79EFBC}") = "CustomSNavigation", "CustomSNavigation\CustomSNavigation\CustomSNavigation.csproj", "{9E580259-EDF8-4E5F-B90E-C117EACFD79C}"
EndProject
Global
	GlobalSection(SolutionConfigurationPlatforms) = preSolution
		Ad-Hoc|Any CPU = Ad-Hoc|Any CPU
		Ad-Hoc|iPhone = Ad-Hoc|iPhone
		Ad-Hoc|iPhoneSimulator = Ad-Hoc|iPhoneSimulator
		AppStore|Any CPU = AppStore|Any CPU
		AppStore|iPhone = AppStore|iPhone
		AppStore|iPhoneSimulator = AppStore|iPhoneSimulator
		Debug|Any CPU = Debug|Any CPU
		Debug|iPhone = Debug|iPhone
		Debug|iPhoneSimulator = Debug|iPhoneSimulator
		Release|Any CPU = Release|Any CPU
		Release|iPhone = Release|iPhone
		Release|iPhoneSimulator = Release|iPhoneSimulator
	EndGlobalSection
	GlobalSection(ProjectConfigurationPlatforms) = postSolution
		{0D19562C-E133-4EFD-882D-C38488D9C4D7}.Ad-Hoc|Any CPU.ActiveCfg = Release|Any CPU
		{0D19562C-E133-4EFD-882D-C38488D9C4D7}.Ad-Hoc|Any CPU.Build.0 = Release|Any CPU
		{0D19562C-E133-4EFD-882D-C38488D9C4D7}.Ad-Hoc|Any CPU.Deploy.0 = Release|Any CPU
		{0D19562C-E133-4EFD-882D-C38488D9C4D7}.Ad-Hoc|iPhone.ActiveCfg = Release|Any CPU
		{0D19562C-E133-4EFD-882D-C38488D9C4D7}.Ad-Hoc|iPhone.Build.0 = Release|Any CPU
		{0D19562C-E133-4EFD-882D-C38488D9C4D7}.Ad-Hoc|iPhone.Deploy.0 = Release|Any CPU
		{0D19562C-E133-4EFD-882D-C38488D9C4D7}.Ad-Hoc|iPhoneSimulator.ActiveCfg = Release|Any CPU
		{0D19562C-E133-4EFD-882D-C38488D9C4D7}.Ad-Hoc|iPhoneSimulator.Build.0 = Release|Any CPU
		{0D19562C-E133-4EFD-882D-C38488D9C4D7}.Ad-Hoc|iPhoneSimulator.Deploy.0 = Release|Any CPU
		{0D19562C-E133-4EFD-882D-C38488D9C4D7}.AppStore|Any CPU.ActiveCfg = Release|Any CPU
		{0D19562C-E133-4EFD-882D-C38488D9C4D7}.AppStore|Any CPU.Build.0 = Release|Any CPU
		{0D19562C-E133-4EFD-882D-C38488D9C4D7}.AppStore|Any CPU.Deploy.0 = Release|Any CPU
		{0D19562C-E133-4EFD-882D-C38488D9C4D7}.AppStore|iPhone.ActiveCfg = Release|Any CPU
		{0D19562C-E133-4EFD-882D-C38488D9C4D7}.AppStore|iPhone.Build.0 = Release|Any CPU
		{0D19562C-E133-4EFD-882D-C38488D9C4D7}.AppStore|iPhone.Deploy.0 = Release|Any CPU
		{0D19562C-E133-4EFD-882D-C38488D9C4D7}.AppStore|iPhoneSimulator.ActiveCfg = Release|Any CPU
		{0D19562C-E133-4EFD-882D-C38488D9C4D7}.AppStore|iPhoneSimulator.Build.0 = Release|Any CPU
		{0D19562C-E133-4EFD-882D-C38488D9C4D7}.AppStore|iPhoneSimulator.Deploy.0 = Release|Any CPU
		{0D19562C-E133-4EFD-882D-C38488D9C4D7}.Debug|Any CPU.ActiveCfg = Debug|Any CPU
		{0D19562C-E133-4EFD-882D-C38488D9C4D7}.Debug|Any CPU.Build.0 = Debug|Any CPU
		{0D19562C-E133-4EFD-882D-C38488D9C4D7}.Debug|Any CPU.Deploy.0 = Debug|Any CPU
		{0D19562C-E133-4EFD-882D-C38488D9C4D7}.Debug|iPhone.ActiveCfg = Debug|Any CPU
		{0D19562C-E133-4EFD-882D-C38488D9C4D7}.Debug|iPhone.Build.0 = Debug|Any CPU
		{0D19562C-E133-4EFD-882D-C38488D9C4D7}.Debug|iPhone.Deploy.0 = Debug|Any CPU
		{0D19562C-E133-4EFD-882D-C38488D9C4D7}.Debug|iPhoneSimulator.ActiveCfg = Debug|Any CPU
		{0D19562C-E133-4EFD-882D-C38488D9C4D7}.Debug|iPhoneSimulator.Build.0 = Debug|Any CPU
		{0D19562C-E133-4EFD-882D-C38488D9C4D7}.Debug|iPhoneSimulator.Deploy.0 = Debug|Any CPU
		{0D19562C-E133-4EFD-882D-C38488D9C4D7}.Release|Any CPU.ActiveCfg = Release|Any CPU
		{0D19562C-E133-4EFD-882D-C38488D9C4D7}.Release|Any CPU.Build.0 = Release|Any CPU
		{0D19562C-E133-4EFD-882D-C38488D9C4D7}.Release|Any CPU.Deploy.0 = Release|Any CPU
		{0D19562C-E133-4EFD-882D-C38488D9C4D7}.Release|iPhone.ActiveCfg = Release|Any CPU
		{0D19562C-E133-4EFD-882D-C38488D9C4D7}.Release|iPhone.Build.0 = Release|Any CPU
		{0D19562C-E133-4EFD-882D-C38488D9C4D7}.Release|iPhone.Deploy.0 = Release|Any CPU
		{0D19562C-E133-4EFD-882D-C38488D9C4D7}.Release|iPhoneSimulator.ActiveCfg = Release|Any CPU
		{0D19562C-E133-4EFD-882D-C38488D9C4D7}.Release|iPhoneSimulator.Build.0 = Release|Any CPU
		{0D19562C-E133-4EFD-882D-C38488D9C4D7}.Release|iPhoneSimulator.Deploy.0 = Release|Any CPU
		{63F0B152-F076-457C-828E-A54C69381C36}.Ad-Hoc|Any CPU.ActiveCfg = Ad-Hoc|iPhone
		{63F0B152-F076-457C-828E-A54C69381C36}.Ad-Hoc|Any CPU.Build.0 = Ad-Hoc|iPhone
		{63F0B152-F076-457C-828E-A54C69381C36}.Ad-Hoc|Any CPU.Deploy.0 = Ad-Hoc|iPhone
		{63F0B152-F076-457C-828E-A54C69381C36}.Ad-Hoc|iPhone.ActiveCfg = Ad-Hoc|iPhone
		{63F0B152-F076-457C-828E-A54C69381C36}.Ad-Hoc|iPhone.Build.0 = Ad-Hoc|iPhone
		{63F0B152-F076-457C-828E-A54C69381C36}.Ad-Hoc|iPhone.Deploy.0 = Ad-Hoc|iPhone
		{63F0B152-F076-457C-828E-A54C69381C36}.Ad-Hoc|iPhoneSimulator.ActiveCfg = Ad-Hoc|iPhoneSimulator
		{63F0B152-F076-457C-828E-A54C69381C36}.Ad-Hoc|iPhoneSimulator.Build.0 = Ad-Hoc|iPhoneSimulator
		{63F0B152-F076-457C-828E-A54C69381C36}.Ad-Hoc|iPhoneSimulator.Deploy.0 = Ad-Hoc|iPhoneSimulator
		{63F0B152-F076-457C-828E-A54C69381C36}.AppStore|Any CPU.ActiveCfg = AppStore|iPhone
		{63F0B152-F076-457C-828E-A54C69381C36}.AppStore|Any CPU.Build.0 = AppStore|iPhone
		{63F0B152-F076-457C-828E-A54C69381C36}.AppStore|Any CPU.Deploy.0 = AppStore|iPhone
		{63F0B152-F076-457C-828E-A54C69381C36}.AppStore|iPhone.ActiveCfg = AppStore|iPhone
		{63F0B152-F076-457C-828E-A54C69381C36}.AppStore|iPhone.Build.0 = AppStore|iPhone
		{63F0B152-F076-457C-828E-A54C69381C36}.AppStore|iPhone.Deploy.0 = AppStore|iPhone
		{63F0B152-F076-457C-828E-A54C69381C36}.AppStore|iPhoneSimulator.ActiveCfg = AppStore|iPhoneSimulator
		{63F0B152-F076-457C-828E-A54C69381C36}.AppStore|iPhoneSimulator.Build.0 = AppStore|iPhoneSimulator
		{63F0B152-F076-457C-828E-A54C69381C36}.AppStore|iPhoneSimulator.Deploy.0 = AppStore|iPhoneSimulator
		{63F0B152-F076-457C-828E-A54C69381C36}.Debug|Any CPU.ActiveCfg = Debug|iPhoneSimulator
		{63F0B152-F076-457C-828E-A54C69381C36}.Debug|Any CPU.Build.0 = Debug|iPhoneSimulator
		{63F0B152-F076-457C-828E-A54C69381C36}.Debug|Any CPU.Deploy.0 = Debug|iPhoneSimulator
		{63F0B152-F076-457C-828E-A54C69381C36}.Debug|iPhone.ActiveCfg = Debug|iPhone
		{63F0B152-F076-457C-828E-A54C69381C36}.Debug|iPhone.Build.0 = Debug|iPhone
		{63F0B152-F076-457C-828E-A54C69381C36}.Debug|iPhone.Deploy.0 = Debug|iPhone
		{63F0B152-F076-457C-828E-A54C69381C36}.Debug|iPhoneSimulator.ActiveCfg = Debug|iPhoneSimulator
		{63F0B152-F076-457C-828E-A54C69381C36}.Debug|iPhoneSimulator.Build.0 = Debug|iPhoneSimulator
		{63F0B152-F076-457C-828E-A54C69381C36}.Debug|iPhoneSimulator.Deploy.0 = Debug|iPhoneSimulator
		{63F0B152-F076-457C-828E-A54C69381C36}.Release|Any CPU.ActiveCfg = Release|iPhone
		{63F0B152-F076-457C-828E-A54C69381C36}.Release|Any CPU.Build.0 = Release|iPhone
		{63F0B152-F076-457C-828E-A54C69381C36}.Release|Any CPU.Deploy.0 = Release|iPhone
		{63F0B152-F076-457C-828E-A54C69381C36}.Release|iPhone.ActiveCfg = Release|iPhone
		{63F0B152-F076-457C-828E-A54C69381C36}.Release|iPhone.Build.0 = Release|iPhone
		{63F0B152-F076-457C-828E-A54C69381C36}.Release|iPhone.Deploy.0 = Release|iPhone
		{63F0B152-F076-457C-828E-A54C69381C36}.Release|iPhoneSimulator.ActiveCfg = Release|iPhoneSimulator
		{63F0B152-F076-457C-828E-A54C69381C36}.Release|iPhoneSimulator.Build.0 = Release|iPhoneSimulator
		{63F0B152-F076-457C-828E-A54C69381C36}.Release|iPhoneSimulator.Deploy.0 = Release|iPhoneSimulator
		{9E580259-EDF8-4E5F-B90E-C117EACFD79C}.Ad-Hoc|Any CPU.ActiveCfg = Debug|Any CPU
		{9E580259-EDF8-4E5F-B90E-C117EACFD79C}.Ad-Hoc|Any CPU.Build.0 = Debug|Any CPU
		{9E580259-EDF8-4E5F-B90E-C117EACFD79C}.Ad-Hoc|Any CPU.Deploy.0 = Debug|Any CPU
		{9E580259-EDF8-4E5F-B90E-C117EACFD79C}.Ad-Hoc|iPhone.ActiveCfg = Debug|Any CPU
		{9E580259-EDF8-4E5F-B90E-C117EACFD79C}.Ad-Hoc|iPhone.Build.0 = Debug|Any CPU
		{9E580259-EDF8-4E5F-B90E-C117EACFD79C}.Ad-Hoc|iPhone.Deploy.0 = Debug|Any CPU
		{9E580259-EDF8-4E5F-B90E-C117EACFD79C}.Ad-Hoc|iPhoneSimulator.ActiveCfg = Debug|Any CPU
		{9E580259-EDF8-4E5F-B90E-C117EACFD79C}.Ad-Hoc|iPhoneSimulator.Build.0 = Debug|Any CPU
		{9E580259-EDF8-4E5F-B90E-C117EACFD79C}.Ad-Hoc|iPhoneSimulator.Deploy.0 = Debug|Any CPU
		{9E580259-EDF8-4E5F-B90E-C117EACFD79C}.AppStore|Any CPU.ActiveCfg = Debug|Any CPU
		{9E580259-EDF8-4E5F-B90E-C117EACFD79C}.AppStore|Any CPU.Build.0 = Debug|Any CPU
		{9E580259-EDF8-4E5F-B90E-C117EACFD79C}.AppStore|Any CPU.Deploy.0 = Debug|Any CPU
		{9E580259-EDF8-4E5F-B90E-C117EACFD79C}.AppStore|iPhone.ActiveCfg = Debug|Any CPU
		{9E580259-EDF8-4E5F-B90E-C117EACFD79C}.AppStore|iPhone.Build.0 = Debug|Any CPU
		{9E580259-EDF8-4E5F-B90E-C117EACFD79C}.AppStore|iPhone.Deploy.0 = Debug|Any CPU
		{9E580259-EDF8-4E5F-B90E-C117EACFD79C}.AppStore|iPhoneSimulator.ActiveCfg = Debug|Any CPU
		{9E580259-EDF8-4E5F-B90E-C117EACFD79C}.AppStore|iPhoneSimulator.Build.0 = Debug|Any CPU
		{9E580259-EDF8-4E5F-B90E-C117EACFD79C}.AppStore|iPhoneSimulator.Deploy.0 = Debug|Any CPU
		{9E580259-EDF8-4E5F-B90E-C117EACFD79C}.Debug|Any CPU.ActiveCfg = Debug|Any CPU
		{9E580259-EDF8-4E5F-B90E-C117EACFD79C}.Debug|Any CPU.Build.0 = Debug|Any CPU
		{9E580259-EDF8-4E5F-B90E-C117EACFD79C}.Debug|Any CPU.Deploy.0 = Debug|Any CPU
		{9E580259-EDF8-4E5F-B90E-C117EACFD79C}.Debug|iPhone.ActiveCfg = Debug|Any CPU
		{9E580259-EDF8-4E5F-B90E-C117EACFD79C}.Debug|iPhone.Build.0 = Debug|Any CPU
		{9E580259-EDF8-4E5F-B90E-C117EACFD79C}.Debug|iPhone.Deploy.0 = Debug|Any CPU
		{9E580259-EDF8-4E5F-B90E-C117EACFD79C}.Debug|iPhoneSimulator.ActiveCfg = Debug|Any CPU
		{9E580259-EDF8-4E5F-B90E-C117EACFD79C}.Debug|iPhoneSimulator.Build.0 = Debug|Any CPU
		{9E580259-EDF8-4E5F-B90E-C117EACFD79C}.Debug|iPhoneSimulator.Deploy.0 = Debug|Any CPU
		{9E580259-EDF8-4E5F-B90E-C117EACFD79C}.Release|Any CPU.ActiveCfg = Release|Any CPU
		{9E580259-EDF8-4E5F-B90E-C117EACFD79C}.Release|Any CPU.Build.0 = Release|Any CPU
		{9E580259-EDF8-4E5F-B90E-C117EACFD79C}.Release|Any CPU.Deploy.0 = Release|Any CPU
		{9E580259-EDF8-4E5F-B90E-C117EACFD79C}.Release|iPhone.ActiveCfg = Release|Any CPU
		{9E580259-EDF8-4E5F-B90E-C117EACFD79C}.Release|iPhone.Build.0 = Release|Any CPU
		{9E580259-EDF8-4E5F-B90E-C117EACFD79C}.Release|iPhone.Deploy.0 = Release|Any CPU
		{9E580259-EDF8-4E5F-B90E-C117EACFD79C}.Release|iPhoneSimulator.ActiveCfg = Release|Any CPU
		{9E580259-EDF8-4E5F-B90E-C117EACFD79C}.Release|iPhoneSimulator.Build.0 = Release|Any CPU
		{9E580259-EDF8-4E5F-B90E-C117EACFD79C}.Release|iPhoneSimulator.Deploy.0 = Release|Any CPU
	EndGlobalSection
	GlobalSection(SolutionProperties) = preSolution
		HideSolutionNode = FALSE
	EndGlobalSection
	GlobalSection(ExtensibilityGlobals) = postSolution
		SolutionGuid = {9302738E-EAB3-48B7-83C3-04C27EE8CB90}
	EndGlobalSection
EndGlobal
